// !$*UTF8*$!
{
	archiveVersion = 1;
	classes = {
	};
	objectVersion = 46;
	objects = {

/* Begin PBXBuildFile section */
		4A3D6DAD1CB8B6D60014EBB9 /* main.m in Sources */ = {isa = PBXBuildFile; fileRef = 4A3D6DAC1CB8B6D60014EBB9 /* main.m */; };
		4A3D6DB71CB8B80E0014EBB9 /* File.m in Sources */ = {isa = PBXBuildFile; fileRef = 4A3D6DB21CB8B80E0014EBB9 /* File.m */; };
		4A3D6DB81CB8B80E0014EBB9 /* FileReader.m in Sources */ = {isa = PBXBuildFile; fileRef = 4A3D6DB41CB8B80E0014EBB9 /* FileReader.m */; };
		4A3D6DB91CB8B80E0014EBB9 /* FileWriter.m in Sources */ = {isa = PBXBuildFile; fileRef = 4A3D6DB61CB8B80E0014EBB9 /* FileWriter.m */; };
		4A3D6DBE1CB8B8160014EBB9 /* QualRound.m in Sources */ = {isa = PBXBuildFile; fileRef = 4A3D6DBB1CB8B8160014EBB9 /* QualRound.m */; };
		4A3D6DBF1CB8B8160014EBB9 /* TestCase.m in Sources */ = {isa = PBXBuildFile; fileRef = 4A3D6DBD1CB8B8160014EBB9 /* TestCase.m */; };
		4A3D6DC51CB8CEBB0014EBB9 /* CountingSheep.m in Sources */ = {isa = PBXBuildFile; fileRef = 4A3D6DC41CB8CEBB0014EBB9 /* CountingSheep.m */; };
		4A3D6DC91CB8D1370014EBB9 /* HashMap.m in Sources */ = {isa = PBXBuildFile; fileRef = 4A3D6DC81CB8D1370014EBB9 /* HashMap.m */; };
		4A3D6DCC1CB959730014EBB9 /* RevengeOfThePancakes.m in Sources */ = {isa = PBXBuildFile; fileRef = 4A3D6DCB1CB959730014EBB9 /* RevengeOfThePancakes.m */; };
/* End PBXBuildFile section */

/* Begin PBXCopyFilesBuildPhase section */
		4A3D6DA01CB8B47E0014EBB9 /* CopyFiles */ = {
			isa = PBXCopyFilesBuildPhase;
			buildActionMask = 2147483647;
			dstPath = /usr/share/man/man1/;
			dstSubfolderSpec = 0;
			files = (
			);
			runOnlyForDeploymentPostprocessing = 1;
		};
/* End PBXCopyFilesBuildPhase section */

/* Begin PBXFileReference section */
		4A3D6DA21CB8B47E0014EBB9 /* codeJam2016 */ = {isa = PBXFileReference; explicitFileType = "compiled.mach-o.executable"; includeInIndex = 0; path = codeJam2016; sourceTree = BUILT_PRODUCTS_DIR; };
		4A3D6DAC1CB8B6D60014EBB9 /* main.m */ = {isa = PBXFileReference; fileEncoding = 4; lastKnownFileType = sourcecode.c.objc; path = main.m; sourceTree = "<group>"; };
		4A3D6DB11CB8B80E0014EBB9 /* File.h */ = {isa = PBXFileReference; fileEncoding = 4; lastKnownFileType = sourcecode.c.h; path = File.h; sourceTree = "<group>"; };
		4A3D6DB21CB8B80E0014EBB9 /* File.m */ = {isa = PBXFileReference; fileEncoding = 4; lastKnownFileType = sourcecode.c.objc; path = File.m; sourceTree = "<group>"; };
		4A3D6DB31CB8B80E0014EBB9 /* FileReader.h */ = {isa = PBXFileReference; fileEncoding = 4; lastKnownFileType = sourcecode.c.h; path = FileReader.h; sourceTree = "<group>"; };
		4A3D6DB41CB8B80E0014EBB9 /* FileReader.m */ = {isa = PBXFileReference; fileEncoding = 4; lastKnownFileType = sourcecode.c.objc; path = FileReader.m; sourceTree = "<group>"; };
		4A3D6DB51CB8B80E0014EBB9 /* FileWriter.h */ = {isa = PBXFileReference; fileEncoding = 4; lastKnownFileType = sourcecode.c.h; path = FileWriter.h; sourceTree = "<group>"; };
		4A3D6DB61CB8B80E0014EBB9 /* FileWriter.m */ = {isa = PBXFileReference; fileEncoding = 4; lastKnownFileType = sourcecode.c.objc; path = FileWriter.m; sourceTree = "<group>"; };
		4A3D6DBA1CB8B8160014EBB9 /* QualRound.h */ = {isa = PBXFileReference; fileEncoding = 4; lastKnownFileType = sourcecode.c.h; path = QualRound.h; sourceTree = "<group>"; };
		4A3D6DBB1CB8B8160014EBB9 /* QualRound.m */ = {isa = PBXFileReference; fileEncoding = 4; lastKnownFileType = sourcecode.c.objc; path = QualRound.m; sourceTree = "<group>"; };
		4A3D6DBC1CB8B8160014EBB9 /* TestCase.h */ = {isa = PBXFileReference; fileEncoding = 4; lastKnownFileType = sourcecode.c.h; path = TestCase.h; sourceTree = "<group>"; };
		4A3D6DBD1CB8B8160014EBB9 /* TestCase.m */ = {isa = PBXFileReference; fileEncoding = 4; lastKnownFileType = sourcecode.c.objc; path = TestCase.m; sourceTree = "<group>"; };
		4A3D6DC31CB8B8AA0014EBB9 /* CoderChallenge-Prefix.pch */ = {isa = PBXFileReference; fileEncoding = 4; lastKnownFileType = sourcecode.c.h; path = "CoderChallenge-Prefix.pch"; sourceTree = "<group>"; };
		4A3D6DC41CB8CEBB0014EBB9 /* CountingSheep.m */ = {isa = PBXFileReference; fileEncoding = 4; lastKnownFileType = sourcecode.c.objc; path = CountingSheep.m; sourceTree = "<group>"; };
		4A3D6DC61CB8CECE0014EBB9 /* CountingSheep.h */ = {isa = PBXFileReference; lastKnownFileType = sourcecode.c.h; path = CountingSheep.h; sourceTree = "<group>"; };
		4A3D6DC71CB8D1370014EBB9 /* HashMap.h */ = {isa = PBXFileReference; fileEncoding = 4; lastKnownFileType = sourcecode.c.h; path = HashMap.h; sourceTree = "<group>"; };
		4A3D6DC81CB8D1370014EBB9 /* HashMap.m */ = {isa = PBXFileReference; fileEncoding = 4; lastKnownFileType = sourcecode.c.objc; path = HashMap.m; sourceTree = "<group>"; };
		4A3D6DCA1CB959730014EBB9 /* RevengeOfThePancakes.h */ = {isa = PBXFileReference; fileEncoding = 4; lastKnownFileType = sourcecode.c.h; path = RevengeOfThePancakes.h; sourceTree = "<group>"; };
		4A3D6DCB1CB959730014EBB9 /* RevengeOfThePancakes.m */ = {isa = PBXFileReference; fileEncoding = 4; lastKnownFileType = sourcecode.c.objc; path = RevengeOfThePancakes.m; sourceTree = "<group>"; };
/* End PBXFileReference section */

/* Begin PBXFrameworksBuildPhase section */
		4A3D6D9F1CB8B47E0014EBB9 /* Frameworks */ = {
			isa = PBXFrameworksBuildPhase;
			buildActionMask = 2147483647;
			files = (
			);
			runOnlyForDeploymentPostprocessing = 0;
		};
/* End PBXFrameworksBuildPhase section */

/* Begin PBXGroup section */
		4A3D6D991CB8B47E0014EBB9 = {
			isa = PBXGroup;
			children = (
				4A3D6DA41CB8B47E0014EBB9 /* codeJam2016 */,
				4A3D6DA31CB8B47E0014EBB9 /* Products */,
			);
			sourceTree = "<group>";
		};
		4A3D6DA31CB8B47E0014EBB9 /* Products */ = {
			isa = PBXGroup;
			children = (
				4A3D6DA21CB8B47E0014EBB9 /* codeJam2016 */,
			);
			name = Products;
			sourceTree = "<group>";
		};
		4A3D6DA41CB8B47E0014EBB9 /* codeJam2016 */ = {
			isa = PBXGroup;
			children = (
				4A3D6DB11CB8B80E0014EBB9 /* File.h */,
				4A3D6DB21CB8B80E0014EBB9 /* File.m */,
				4A3D6DB31CB8B80E0014EBB9 /* FileReader.h */,
				4A3D6DB41CB8B80E0014EBB9 /* FileReader.m */,
				4A3D6DB51CB8B80E0014EBB9 /* FileWriter.h */,
				4A3D6DB61CB8B80E0014EBB9 /* FileWriter.m */,
				4A3D6DBA1CB8B8160014EBB9 /* QualRound.h */,
				4A3D6DBB1CB8B8160014EBB9 /* QualRound.m */,
				4A3D6DBC1CB8B8160014EBB9 /* TestCase.h */,
				4A3D6DBD1CB8B8160014EBB9 /* TestCase.m */,
				4A3D6DC41CB8CEBB0014EBB9 /* CountingSheep.m */,
				4A3D6DC61CB8CECE0014EBB9 /* CountingSheep.h */,
				4A3D6DC71CB8D1370014EBB9 /* HashMap.h */,
				4A3D6DC81CB8D1370014EBB9 /* HashMap.m */,
				4A3D6DC31CB8B8AA0014EBB9 /* CoderChallenge-Prefix.pch */,
				4A3D6DAC1CB8B6D60014EBB9 /* main.m */,
				4A3D6DCA1CB959730014EBB9 /* RevengeOfThePancakes.h */,
				4A3D6DCB1CB959730014EBB9 /* RevengeOfThePancakes.m */,
			);
			path = codeJam2016;
			sourceTree = "<group>";
		};
/* End PBXGroup section */

/* Begin PBXNativeTarget section */
		4A3D6DA11CB8B47E0014EBB9 /* codeJam2016 */ = {
			isa = PBXNativeTarget;
			buildConfigurationList = 4A3D6DA91CB8B47E0014EBB9 /* Build configuration list for PBXNativeTarget "codeJam2016" */;
			buildPhases = (
				4A3D6D9E1CB8B47E0014EBB9 /* Sources */,
				4A3D6D9F1CB8B47E0014EBB9 /* Frameworks */,
				4A3D6DA01CB8B47E0014EBB9 /* CopyFiles */,
			);
			buildRules = (
			);
			dependencies = (
			);
			name = codeJam2016;
			productName = codeJam2016;
			productReference = 4A3D6DA21CB8B47E0014EBB9 /* codeJam2016 */;
			productType = "com.apple.product-type.tool";
		};
/* End PBXNativeTarget section */

/* Begin PBXProject section */
		4A3D6D9A1CB8B47E0014EBB9 /* Project object */ = {
			isa = PBXProject;
			attributes = {
				LastUpgradeCheck = 0730;
				ORGANIZATIONNAME = "David Norman";
				TargetAttributes = {
					4A3D6DA11CB8B47E0014EBB9 = {
						CreatedOnToolsVersion = 7.3;
					};
				};
			};
			buildConfigurationList = 4A3D6D9D1CB8B47E0014EBB9 /* Build configuration list for PBXProject "codeJam2016" */;
			compatibilityVersion = "Xcode 3.2";
			developmentRegion = English;
			hasScannedForEncodings = 0;
			knownRegions = (
				en,
			);
			mainGroup = 4A3D6D991CB8B47E0014EBB9;
			productRefGroup = 4A3D6DA31CB8B47E0014EBB9 /* Products */;
			projectDirPath = "";
			projectRoot = "";
			targets = (
				4A3D6DA11CB8B47E0014EBB9 /* codeJam2016 */,
			);
		};
/* End PBXProject section */

/* Begin PBXSourcesBuildPhase section */
		4A3D6D9E1CB8B47E0014EBB9 /* Sources */ = {
			isa = PBXSourcesBuildPhase;
			buildActionMask = 2147483647;
			files = (
				4A3D6DB91CB8B80E0014EBB9 /* FileWriter.m in Sources */,
				4A3D6DBF1CB8B8160014EBB9 /* TestCase.m in Sources */,
				4A3D6DAD1CB8B6D60014EBB9 /* main.m in Sources */,
				4A3D6DB71CB8B80E0014EBB9 /* File.m in Sources */,
				4A3D6DCC1CB959730014EBB9 /* RevengeOfThePancakes.m in Sources */,
				4A3D6DBE1CB8B8160014EBB9 /* QualRound.m in Sources */,
				4A3D6DC91CB8D1370014EBB9 /* HashMap.m in Sources */,
				4A3D6DC51CB8CEBB0014EBB9 /* CountingSheep.m in Sources */,
				4A3D6DB81CB8B80E0014EBB9 /* FileReader.m in Sources */,
			);
			runOnlyForDeploymentPostprocessing = 0;
		};
/* End PBXSourcesBuildPhase section */

/* Begin XCBuildConfiguration section */
		4A3D6DA71CB8B47E0014EBB9 /* Debug */ = {
			isa = XCBuildConfiguration;
			buildSettings = {
				ALWAYS_SEARCH_USER_PATHS = NO;
				CLANG_ANALYZER_NONNULL = YES;
				CLANG_CXX_LANGUAGE_STANDARD = "gnu++0x";
				CLANG_CXX_LIBRARY = "libc++";
				CLANG_ENABLE_MODULES = YES;
				CLANG_ENABLE_OBJC_ARC = YES;
				CLANG_WARN_BOOL_CONVERSION = YES;
				CLANG_WARN_CONSTANT_CONVERSION = YES;
				CLANG_WARN_DIRECT_OBJC_ISA_USAGE = YES_ERROR;
				CLANG_WARN_EMPTY_BODY = YES;
				CLANG_WARN_ENUM_CONVERSION = YES;
				CLANG_WARN_INT_CONVERSION = YES;
				CLANG_WARN_OBJC_ROOT_CLASS = YES_ERROR;
				CLANG_WARN_UNREACHABLE_CODE = YES;
				CLANG_WARN__DUPLICATE_METHOD_MATCH = YES;
				CODE_SIGN_IDENTITY = "-";
				COPY_PHASE_STRIP = NO;
				DEBUG_INFORMATION_FORMAT = dwarf;
				ENABLE_STRICT_OBJC_MSGSEND = YES;
				ENABLE_TESTABILITY = YES;
				GCC_C_LANGUAGE_STANDARD = gnu99;
				GCC_DYNAMIC_NO_PIC = NO;
				GCC_NO_COMMON_BLOCKS = YES;
				GCC_OPTIMIZATION_LEVEL = 0;
				GCC_PREPROCESSOR_DEFINITIONS = (
					"DEBUG=1",
					"$(inherited)",
				);
				GCC_WARN_64_TO_32_BIT_CONVERSION = YES;
				GCC_WARN_ABOUT_RETURN_TYPE = YES_ERROR;
				GCC_WARN_UNDECLARED_SELECTOR = YES;
				GCC_WARN_UNINITIALIZED_AUTOS = YES_AGGRESSIVE;
				GCC_WARN_UNUSED_FUNCTION = YES;
				GCC_WARN_UNUSED_VARIABLE = YES;
				MACOSX_DEPLOYMENT_TARGET = 10.11;
				MTL_ENABLE_DEBUG_INFO = YES;
				ONLY_ACTIVE_ARCH = YES;
				SDKROOT = macosx;
			};
			name = Debug;
		};
		4A3D6DA81CB8B47E0014EBB9 /* Release */ = {
			isa = XCBuildConfiguration;
			buildSettings = {
				ALWAYS_SEARCH_USER_PATHS = NO;
				CLANG_ANALYZER_NONNULL = YES;
				CLANG_CXX_LANGUAGE_STANDARD = "gnu++0x";
				CLANG_CXX_LIBRARY = "libc++";
				CLANG_ENABLE_MODULES = YES;
				CLANG_ENABLE_OBJC_ARC = YES;
				CLANG_WARN_BOOL_CONVERSION = YES;
				CLANG_WARN_CONSTANT_CONVERSION = YES;
				CLANG_WARN_DIRECT_OBJC_ISA_USAGE = YES_ERROR;
				CLANG_WARN_EMPTY_BODY = YES;
				CLANG_WARN_ENUM_CONVERSION = YES;
				CLANG_WARN_INT_CONVERSION = YES;
				CLANG_WARN_OBJC_ROOT_CLASS = YES_ERROR;
				CLANG_WARN_UNREACHABLE_CODE = YES;
				CLANG_WARN__DUPLICATE_METHOD_MATCH = YES;
				CODE_SIGN_IDENTITY = "-";
				COPY_PHASE_STRIP = NO;
				DEBUG_INFORMATION_FORMAT = "dwarf-with-dsym";
				ENABLE_NS_ASSERTIONS = NO;
				ENABLE_STRICT_OBJC_MSGSEND = YES;
				GCC_C_LANGUAGE_STANDARD = gnu99;
				GCC_NO_COMMON_BLOCKS = YES;
				GCC_WARN_64_TO_32_BIT_CONVERSION = YES;
				GCC_WARN_ABOUT_RETURN_TYPE = YES_ERROR;
				GCC_WARN_UNDECLARED_SELECTOR = YES;
				GCC_WARN_UNINITIALIZED_AUTOS = YES_AGGRESSIVE;
				GCC_WARN_UNUSED_FUNCTION = YES;
				GCC_WARN_UNUSED_VARIABLE = YES;
				MACOSX_DEPLOYMENT_TARGET = 10.11;
				MTL_ENABLE_DEBUG_INFO = NO;
				SDKROOT = macosx;
			};
			name = Release;
		};
		4A3D6DAA1CB8B47E0014EBB9 /* Debug */ = {
			isa = XCBuildConfiguration;
			buildSettings = {
				PRODUCT_NAME = "$(TARGET_NAME)";
			};
			name = Debug;
		};
		4A3D6DAB1CB8B47E0014EBB9 /* Release */ = {
			isa = XCBuildConfiguration;
			buildSettings = {
				PRODUCT_NAME = "$(TARGET_NAME)";
			};
			name = Release;
		};
/* End XCBuildConfiguration section */

/* Begin XCConfigurationList section */
		4A3D6D9D1CB8B47E0014EBB9 /* Build configuration list for PBXProject "codeJam2016" */ = {
			isa = XCConfigurationList;
			buildConfigurations = (
				4A3D6DA71CB8B47E0014EBB9 /* Debug */,
				4A3D6DA81CB8B47E0014EBB9 /* Release */,
			);
			defaultConfigurationIsVisible = 0;
			defaultConfigurationName = Release;
		};
		4A3D6DA91CB8B47E0014EBB9 /* Build configuration list for PBXNativeTarget "codeJam2016" */ = {
			isa = XCConfigurationList;
			buildConfigurations = (
				4A3D6DAA1CB8B47E0014EBB9 /* Debug */,
				4A3D6DAB1CB8B47E0014EBB9 /* Release */,
			);
			defaultConfigurationIsVisible = 0;
		};
/* End XCConfigurationList section */
	};
	rootObject = 4A3D6D9A1CB8B47E0014EBB9 /* Project object */;
}
